
Microsoft Visual Studio Solution File, Format Version 12.00
# Visual Studio Version 16
VisualStudioVersion = 16.0.31313.79
MinimumVisualStudioVersion = 10.0.40219.1
Project("{FAE04EC0-301F-11D3-BF4B-00C04F79EFBC}") = "Kms.Security.Identity", "Kms.Security.Identity\Kms.Security.Identity.csproj", "{C7BDF45D-C1F4-483D-8849-D52EC4EC9D99}"
EndProject
Project("{FAE04EC0-301F-11D3-BF4B-00C04F79EFBC}") = "Kms.Security.Portal", "Kms.Security.Portal\Kms.Security.Portal.csproj", "{A9EC080C-98E4-422D-8D97-DB022F82EACD}"
EndProject
Project("{FAE04EC0-301F-11D3-BF4B-00C04F79EFBC}") = "Kms.Security.Api", "Kms.Security.Api\Kms.Security.Api.csproj", "{9873EB41-423A-43B1-9FFC-E89DEE3D0C65}"
EndProject
Project("{FAE04EC0-301F-11D3-BF4B-00C04F79EFBC}") = "Kms.Security.Common", "Kms.Security.Common\Kms.Security.Common.csproj", "{1590B6A1-8D94-4B7A-9791-4FA43159ABFE}"
EndProject
Project("{FAE04EC0-301F-11D3-BF4B-00C04F79EFBC}") = "Kms.Security.Util", "Kms.Security.Util\Kms.Security.Util.csproj", "{C1417CAD-E8A6-4236-9B1E-707E54D69B3F}"
EndProject
Project("{FAE04EC0-301F-11D3-BF4B-00C04F79EFBC}") = "Kms.Security.Jwt", "Kms.Security.Jwt\Kms.Security.Jwt.csproj", "{87BAB729-3C38-4517-873E-434E90442C6E}"
EndProject
Project("{FAE04EC0-301F-11D3-BF4B-00C04F79EFBC}") = "Kms.Security.WebApi", "Kms.Security.WebApi\Kms.Security.WebApi.csproj", "{7281D4A4-07CE-4541-96D5-3D6E96F290EB}"
EndProject
Project("{FAE04EC0-301F-11D3-BF4B-00C04F79EFBC}") = "Kms.Security.Core", "Kms.Security.Core\Kms.Security.Core.csproj", "{B81FCF21-C8AC-4CDC-BFAF-5D34CF6B8FCE}"
EndProject
Project("{FAE04EC0-301F-11D3-BF4B-00C04F79EFBC}") = "Kms.Security.Persistance", "Kms.Security.Persistance\Kms.Security.Persistance.csproj", "{54135850-3684-4F18-9211-615ED82F3842}"
EndProject
Project("{FAE04EC0-301F-11D3-BF4B-00C04F79EFBC}") = "Kms.Security.DistributedService", "Kms.Security.DistributedService\Kms.Security.DistributedService.csproj", "{23CAFEC0-D991-4AB3-9083-B45358285F0B}"
EndProject
Project("{FAE04EC0-301F-11D3-BF4B-00C04F79EFBC}") = "Kms.Security.OpenId", "Kms.Security.OpenId\Kms.Security.OpenId.csproj", "{E752099A-8D3F-44D9-9E2A-9FD84759C424}"
EndProject
Global
	GlobalSection(SolutionConfigurationPlatforms) = preSolution
		Debug|Any CPU = Debug|Any CPU
		Debug|ARM = Debug|ARM
		Debug|x64 = Debug|x64
		Debug|x86 = Debug|x86
		Release|Any CPU = Release|Any CPU
		Release|ARM = Release|ARM
		Release|x64 = Release|x64
		Release|x86 = Release|x86
	EndGlobalSection
	GlobalSection(ProjectConfigurationPlatforms) = postSolution
		{C7BDF45D-C1F4-483D-8849-D52EC4EC9D99}.Debug|Any CPU.ActiveCfg = Debug|Any CPU
		{C7BDF45D-C1F4-483D-8849-D52EC4EC9D99}.Debug|Any CPU.Build.0 = Debug|Any CPU
		{C7BDF45D-C1F4-483D-8849-D52EC4EC9D99}.Debug|ARM.ActiveCfg = Debug|Any CPU
		{C7BDF45D-C1F4-483D-8849-D52EC4EC9D99}.Debug|ARM.Build.0 = Debug|Any CPU
		{C7BDF45D-C1F4-483D-8849-D52EC4EC9D99}.Debug|x64.ActiveCfg = Debug|Any CPU
		{C7BDF45D-C1F4-483D-8849-D52EC4EC9D99}.Debug|x64.Build.0 = Debug|Any CPU
		{C7BDF45D-C1F4-483D-8849-D52EC4EC9D99}.Debug|x86.ActiveCfg = Debug|Any CPU
		{C7BDF45D-C1F4-483D-8849-D52EC4EC9D99}.Debug|x86.Build.0 = Debug|Any CPU
		{C7BDF45D-C1F4-483D-8849-D52EC4EC9D99}.Release|Any CPU.ActiveCfg = Release|Any CPU
		{C7BDF45D-C1F4-483D-8849-D52EC4EC9D99}.Release|Any CPU.Build.0 = Release|Any CPU
		{C7BDF45D-C1F4-483D-8849-D52EC4EC9D99}.Release|ARM.ActiveCfg = Release|Any CPU
		{C7BDF45D-C1F4-483D-8849-D52EC4EC9D99}.Release|ARM.Build.0 = Release|Any CPU
		{C7BDF45D-C1F4-483D-8849-D52EC4EC9D99}.Release|x64.ActiveCfg = Release|Any CPU
		{C7BDF45D-C1F4-483D-8849-D52EC4EC9D99}.Release|x64.Build.0 = Release|Any CPU
		{C7BDF45D-C1F4-483D-8849-D52EC4EC9D99}.Release|x86.ActiveCfg = Release|Any CPU
		{C7BDF45D-C1F4-483D-8849-D52EC4EC9D99}.Release|x86.Build.0 = Release|Any CPU
		{A9EC080C-98E4-422D-8D97-DB022F82EACD}.Debug|Any CPU.ActiveCfg = Debug|Any CPU
		{A9EC080C-98E4-422D-8D97-DB022F82EACD}.Debug|Any CPU.Build.0 = Debug|Any CPU
		{A9EC080C-98E4-422D-8D97-DB022F82EACD}.Debug|ARM.ActiveCfg = Debug|Any CPU
		{A9EC080C-98E4-422D-8D97-DB022F82EACD}.Debug|ARM.Build.0 = Debug|Any CPU
		{A9EC080C-98E4-422D-8D97-DB022F82EACD}.Debug|x64.ActiveCfg = Debug|Any CPU
		{A9EC080C-98E4-422D-8D97-DB022F82EACD}.Debug|x64.Build.0 = Debug|Any CPU
		{A9EC080C-98E4-422D-8D97-DB022F82EACD}.Debug|x86.ActiveCfg = Debug|Any CPU
		{A9EC080C-98E4-422D-8D97-DB022F82EACD}.Debug|x86.Build.0 = Debug|Any CPU
		{A9EC080C-98E4-422D-8D97-DB022F82EACD}.Release|Any CPU.ActiveCfg = Release|Any CPU
		{A9EC080C-98E4-422D-8D97-DB022F82EACD}.Release|Any CPU.Build.0 = Release|Any CPU
		{A9EC080C-98E4-422D-8D97-DB022F82EACD}.Release|ARM.ActiveCfg = Release|Any CPU
		{A9EC080C-98E4-422D-8D97-DB022F82EACD}.Release|ARM.Build.0 = Release|Any CPU
		{A9EC080C-98E4-422D-8D97-DB022F82EACD}.Release|x64.ActiveCfg = Release|Any CPU
		{A9EC080C-98E4-422D-8D97-DB022F82EACD}.Release|x64.Build.0 = Release|Any CPU
		{A9EC080C-98E4-422D-8D97-DB022F82EACD}.Release|x86.ActiveCfg = Release|Any CPU
		{A9EC080C-98E4-422D-8D97-DB022F82EACD}.Release|x86.Build.0 = Release|Any CPU
		{9873EB41-423A-43B1-9FFC-E89DEE3D0C65}.Debug|Any CPU.ActiveCfg = Debug|Any CPU
		{9873EB41-423A-43B1-9FFC-E89DEE3D0C65}.Debug|Any CPU.Build.0 = Debug|Any CPU
		{9873EB41-423A-43B1-9FFC-E89DEE3D0C65}.Debug|ARM.ActiveCfg = Debug|Any CPU
		{9873EB41-423A-43B1-9FFC-E89DEE3D0C65}.Debug|ARM.Build.0 = Debug|Any CPU
		{9873EB41-423A-43B1-9FFC-E89DEE3D0C65}.Debug|x64.ActiveCfg = Debug|Any CPU
		{9873EB41-423A-43B1-9FFC-E89DEE3D0C65}.Debug|x64.Build.0 = Debug|Any CPU
		{9873EB41-423A-43B1-9FFC-E89DEE3D0C65}.Debug|x86.ActiveCfg = Debug|Any CPU
		{9873EB41-423A-43B1-9FFC-E89DEE3D0C65}.Debug|x86.Build.0 = Debug|Any CPU
		{9873EB41-423A-43B1-9FFC-E89DEE3D0C65}.Release|Any CPU.ActiveCfg = Release|Any CPU
		{9873EB41-423A-43B1-9FFC-E89DEE3D0C65}.Release|Any CPU.Build.0 = Release|Any CPU
		{9873EB41-423A-43B1-9FFC-E89DEE3D0C65}.Release|ARM.ActiveCfg = Release|Any CPU
		{9873EB41-423A-43B1-9FFC-E89DEE3D0C65}.Release|ARM.Build.0 = Release|Any CPU
		{9873EB41-423A-43B1-9FFC-E89DEE3D0C65}.Release|x64.ActiveCfg = Release|Any CPU
		{9873EB41-423A-43B1-9FFC-E89DEE3D0C65}.Release|x64.Build.0 = Release|Any CPU
		{9873EB41-423A-43B1-9FFC-E89DEE3D0C65}.Release|x86.ActiveCfg = Release|Any CPU
		{9873EB41-423A-43B1-9FFC-E89DEE3D0C65}.Release|x86.Build.0 = Release|Any CPU
		{1590B6A1-8D94-4B7A-9791-4FA43159ABFE}.Debug|Any CPU.ActiveCfg = Debug|Any CPU
		{1590B6A1-8D94-4B7A-9791-4FA43159ABFE}.Debug|Any CPU.Build.0 = Debug|Any CPU
		{1590B6A1-8D94-4B7A-9791-4FA43159ABFE}.Debug|ARM.ActiveCfg = Debug|Any CPU
		{1590B6A1-8D94-4B7A-9791-4FA43159ABFE}.Debug|ARM.Build.0 = Debug|Any CPU
		{1590B6A1-8D94-4B7A-9791-4FA43159ABFE}.Debug|x64.ActiveCfg = Debug|Any CPU
		{1590B6A1-8D94-4B7A-9791-4FA43159ABFE}.Debug|x64.Build.0 = Debug|Any CPU
		{1590B6A1-8D94-4B7A-9791-4FA43159ABFE}.Debug|x86.ActiveCfg = Debug|Any CPU
		{1590B6A1-8D94-4B7A-9791-4FA43159ABFE}.Debug|x86.Build.0 = Debug|Any CPU
		{1590B6A1-8D94-4B7A-9791-4FA43159ABFE}.Release|Any CPU.ActiveCfg = Release|Any CPU
		{1590B6A1-8D94-4B7A-9791-4FA43159ABFE}.Release|Any CPU.Build.0 = Release|Any CPU
		{1590B6A1-8D94-4B7A-9791-4FA43159ABFE}.Release|ARM.ActiveCfg = Release|Any CPU
		{1590B6A1-8D94-4B7A-9791-4FA43159ABFE}.Release|ARM.Build.0 = Release|Any CPU
		{1590B6A1-8D94-4B7A-9791-4FA43159ABFE}.Release|x64.ActiveCfg = Release|Any CPU
		{1590B6A1-8D94-4B7A-9791-4FA43159ABFE}.Release|x64.Build.0 = Release|Any CPU
		{1590B6A1-8D94-4B7A-9791-4FA43159ABFE}.Release|x86.ActiveCfg = Release|Any CPU
		{1590B6A1-8D94-4B7A-9791-4FA43159ABFE}.Release|x86.Build.0 = Release|Any CPU
		{C1417CAD-E8A6-4236-9B1E-707E54D69B3F}.Debug|Any CPU.ActiveCfg = Debug|Any CPU
		{C1417CAD-E8A6-4236-9B1E-707E54D69B3F}.Debug|Any CPU.Build.0 = Debug|Any CPU
		{C1417CAD-E8A6-4236-9B1E-707E54D69B3F}.Debug|ARM.ActiveCfg = Debug|Any CPU
		{C1417CAD-E8A6-4236-9B1E-707E54D69B3F}.Debug|ARM.Build.0 = Debug|Any CPU
		{C1417CAD-E8A6-4236-9B1E-707E54D69B3F}.Debug|x64.ActiveCfg = Debug|Any CPU
		{C1417CAD-E8A6-4236-9B1E-707E54D69B3F}.Debug|x64.Build.0 = Debug|Any CPU
		{C1417CAD-E8A6-4236-9B1E-707E54D69B3F}.Debug|x86.ActiveCfg = Debug|Any CPU
		{C1417CAD-E8A6-4236-9B1E-707E54D69B3F}.Debug|x86.Build.0 = Debug|Any CPU
		{C1417CAD-E8A6-4236-9B1E-707E54D69B3F}.Release|Any CPU.ActiveCfg = Release|Any CPU
		{C1417CAD-E8A6-4236-9B1E-707E54D69B3F}.Release|Any CPU.Build.0 = Release|Any CPU
		{C1417CAD-E8A6-4236-9B1E-707E54D69B3F}.Release|ARM.ActiveCfg = Release|Any CPU
		{C1417CAD-E8A6-4236-9B1E-707E54D69B3F}.Release|ARM.Build.0 = Release|Any CPU
		{C1417CAD-E8A6-4236-9B1E-707E54D69B3F}.Release|x64.ActiveCfg = Release|Any CPU
		{C1417CAD-E8A6-4236-9B1E-707E54D69B3F}.Release|x64.Build.0 = Release|Any CPU
		{C1417CAD-E8A6-4236-9B1E-707E54D69B3F}.Release|x86.ActiveCfg = Release|Any CPU
		{C1417CAD-E8A6-4236-9B1E-707E54D69B3F}.Release|x86.Build.0 = Release|Any CPU
		{87BAB729-3C38-4517-873E-434E90442C6E}.Debug|Any CPU.ActiveCfg = Debug|Any CPU
		{87BAB729-3C38-4517-873E-434E90442C6E}.Debug|Any CPU.Build.0 = Debug|Any CPU
		{87BAB729-3C38-4517-873E-434E90442C6E}.Debug|ARM.ActiveCfg = Debug|Any CPU
		{87BAB729-3C38-4517-873E-434E90442C6E}.Debug|ARM.Build.0 = Debug|Any CPU
		{87BAB729-3C38-4517-873E-434E90442C6E}.Debug|x64.ActiveCfg = Debug|Any CPU
		{87BAB729-3C38-4517-873E-434E90442C6E}.Debug|x64.Build.0 = Debug|Any CPU
		{87BAB729-3C38-4517-873E-434E90442C6E}.Debug|x86.ActiveCfg = Debug|Any CPU
		{87BAB729-3C38-4517-873E-434E90442C6E}.Debug|x86.Build.0 = Debug|Any CPU
		{87BAB729-3C38-4517-873E-434E90442C6E}.Release|Any CPU.ActiveCfg = Release|Any CPU
		{87BAB729-3C38-4517-873E-434E90442C6E}.Release|Any CPU.Build.0 = Release|Any CPU
		{87BAB729-3C38-4517-873E-434E90442C6E}.Release|ARM.ActiveCfg = Release|Any CPU
		{87BAB729-3C38-4517-873E-434E90442C6E}.Release|ARM.Build.0 = Release|Any CPU
		{87BAB729-3C38-4517-873E-434E90442C6E}.Release|x64.ActiveCfg = Release|Any CPU
		{87BAB729-3C38-4517-873E-434E90442C6E}.Release|x64.Build.0 = Release|Any CPU
		{87BAB729-3C38-4517-873E-434E90442C6E}.Release|x86.ActiveCfg = Release|Any CPU
		{87BAB729-3C38-4517-873E-434E90442C6E}.Release|x86.Build.0 = Release|Any CPU
		{7281D4A4-07CE-4541-96D5-3D6E96F290EB}.Debug|Any CPU.ActiveCfg = Debug|Any CPU
		{7281D4A4-07CE-4541-96D5-3D6E96F290EB}.Debug|Any CPU.Build.0 = Debug|Any CPU
		{7281D4A4-07CE-4541-96D5-3D6E96F290EB}.Debug|ARM.ActiveCfg = Debug|Any CPU
		{7281D4A4-07CE-4541-96D5-3D6E96F290EB}.Debug|ARM.Build.0 = Debug|Any CPU
		{7281D4A4-07CE-4541-96D5-3D6E96F290EB}.Debug|x64.ActiveCfg = Debug|Any CPU
		{7281D4A4-07CE-4541-96D5-3D6E96F290EB}.Debug|x64.Build.0 = Debug|Any CPU
		{7281D4A4-07CE-4541-96D5-3D6E96F290EB}.Debug|x86.ActiveCfg = Debug|Any CPU
		{7281D4A4-07CE-4541-96D5-3D6E96F290EB}.Debug|x86.Build.0 = Debug|Any CPU
		{7281D4A4-07CE-4541-96D5-3D6E96F290EB}.Release|Any CPU.ActiveCfg = Release|Any CPU
		{7281D4A4-07CE-4541-96D5-3D6E96F290EB}.Release|Any CPU.Build.0 = Release|Any CPU
		{7281D4A4-07CE-4541-96D5-3D6E96F290EB}.Release|ARM.ActiveCfg = Release|Any CPU
		{7281D4A4-07CE-4541-96D5-3D6E96F290EB}.Release|ARM.Build.0 = Release|Any CPU
		{7281D4A4-07CE-4541-96D5-3D6E96F290EB}.Release|x64.ActiveCfg = Release|Any CPU
		{7281D4A4-07CE-4541-96D5-3D6E96F290EB}.Release|x64.Build.0 = Release|Any CPU
		{7281D4A4-07CE-4541-96D5-3D6E96F290EB}.Release|x86.ActiveCfg = Release|Any CPU
		{7281D4A4-07CE-4541-96D5-3D6E96F290EB}.Release|x86.Build.0 = Release|Any CPU
		{B81FCF21-C8AC-4CDC-BFAF-5D34CF6B8FCE}.Debug|Any CPU.ActiveCfg = Debug|Any CPU
		{B81FCF21-C8AC-4CDC-BFAF-5D34CF6B8FCE}.Debug|Any CPU.Build.0 = Debug|Any CPU
		{B81FCF21-C8AC-4CDC-BFAF-5D34CF6B8FCE}.Debug|ARM.ActiveCfg = Debug|Any CPU
		{B81FCF21-C8AC-4CDC-BFAF-5D34CF6B8FCE}.Debug|ARM.Build.0 = Debug|Any CPU
		{B81FCF21-C8AC-4CDC-BFAF-5D34CF6B8FCE}.Debug|x64.ActiveCfg = Debug|Any CPU
		{B81FCF21-C8AC-4CDC-BFAF-5D34CF6B8FCE}.Debug|x64.Build.0 = Debug|Any CPU
		{B81FCF21-C8AC-4CDC-BFAF-5D34CF6B8FCE}.Debug|x86.ActiveCfg = Debug|Any CPU
		{B81FCF21-C8AC-4CDC-BFAF-5D34CF6B8FCE}.Debug|x86.Build.0 = Debug|Any CPU
		{B81FCF21-C8AC-4CDC-BFAF-5D34CF6B8FCE}.Release|Any CPU.ActiveCfg = Release|Any CPU
		{B81FCF21-C8AC-4CDC-BFAF-5D34CF6B8FCE}.Release|Any CPU.Build.0 = Release|Any CPU
		{B81FCF21-C8AC-4CDC-BFAF-5D34CF6B8FCE}.Release|ARM.ActiveCfg = Release|Any CPU
		{B81FCF21-C8AC-4CDC-BFAF-5D34CF6B8FCE}.Release|ARM.Build.0 = Release|Any CPU
		{B81FCF21-C8AC-4CDC-BFAF-5D34CF6B8FCE}.Release|x64.ActiveCfg = Release|Any CPU
		{B81FCF21-C8AC-4CDC-BFAF-5D34CF6B8FCE}.Release|x64.Build.0 = Release|Any CPU
		{B81FCF21-C8AC-4CDC-BFAF-5D34CF6B8FCE}.Release|x86.ActiveCfg = Release|Any CPU
		{B81FCF21-C8AC-4CDC-BFAF-5D34CF6B8FCE}.Release|x86.Build.0 = Release|Any CPU
		{54135850-3684-4F18-9211-615ED82F3842}.Debug|Any CPU.ActiveCfg = Debug|Any CPU
		{54135850-3684-4F18-9211-615ED82F3842}.Debug|Any CPU.Build.0 = Debug|Any CPU
		{54135850-3684-4F18-9211-615ED82F3842}.Debug|ARM.ActiveCfg = Debug|Any CPU
		{54135850-3684-4F18-9211-615ED82F3842}.Debug|ARM.Build.0 = Debug|Any CPU
		{54135850-3684-4F18-9211-615ED82F3842}.Debug|x64.ActiveCfg = Debug|Any CPU
		{54135850-3684-4F18-9211-615ED82F3842}.Debug|x64.Build.0 = Debug|Any CPU
		{54135850-3684-4F18-9211-615ED82F3842}.Debug|x86.ActiveCfg = Debug|Any CPU
		{54135850-3684-4F18-9211-615ED82F3842}.Debug|x86.Build.0 = Debug|Any CPU
		{54135850-3684-4F18-9211-615ED82F3842}.Release|Any CPU.ActiveCfg = Release|Any CPU
		{54135850-3684-4F18-9211-615ED82F3842}.Release|Any CPU.Build.0 = Release|Any CPU
		{54135850-3684-4F18-9211-615ED82F3842}.Release|ARM.ActiveCfg = Release|Any CPU
		{54135850-3684-4F18-9211-615ED82F3842}.Release|ARM.Build.0 = Release|Any CPU
		{54135850-3684-4F18-9211-615ED82F3842}.Release|x64.ActiveCfg = Release|Any CPU
		{54135850-3684-4F18-9211-615ED82F3842}.Release|x64.Build.0 = Release|Any CPU
		{54135850-3684-4F18-9211-615ED82F3842}.Release|x86.ActiveCfg = Release|Any CPU
		{54135850-3684-4F18-9211-615ED82F3842}.Release|x86.Build.0 = Release|Any CPU
		{23CAFEC0-D991-4AB3-9083-B45358285F0B}.Debug|Any CPU.ActiveCfg = Debug|Any CPU
		{23CAFEC0-D991-4AB3-9083-B45358285F0B}.Debug|Any CPU.Build.0 = Debug|Any CPU
		{23CAFEC0-D991-4AB3-9083-B45358285F0B}.Debug|ARM.ActiveCfg = Debug|Any CPU
		{23CAFEC0-D991-4AB3-9083-B45358285F0B}.Debug|ARM.Build.0 = Debug|Any CPU
		{23CAFEC0-D991-4AB3-9083-B45358285F0B}.Debug|x64.ActiveCfg = Debug|Any CPU
		{23CAFEC0-D991-4AB3-9083-B45358285F0B}.Debug|x64.Build.0 = Debug|Any CPU
		{23CAFEC0-D991-4AB3-9083-B45358285F0B}.Debug|x86.ActiveCfg = Debug|Any CPU
		{23CAFEC0-D991-4AB3-9083-B45358285F0B}.Debug|x86.Build.0 = Debug|Any CPU
		{23CAFEC0-D991-4AB3-9083-B45358285F0B}.Release|Any CPU.ActiveCfg = Release|Any CPU
		{23CAFEC0-D991-4AB3-9083-B45358285F0B}.Release|Any CPU.Build.0 = Release|Any CPU
		{23CAFEC0-D991-4AB3-9083-B45358285F0B}.Release|ARM.ActiveCfg = Release|Any CPU
		{23CAFEC0-D991-4AB3-9083-B45358285F0B}.Release|ARM.Build.0 = Release|Any CPU
		{23CAFEC0-D991-4AB3-9083-B45358285F0B}.Release|x64.ActiveCfg = Release|Any CPU
		{23CAFEC0-D991-4AB3-9083-B45358285F0B}.Release|x64.Build.0 = Release|Any CPU
		{23CAFEC0-D991-4AB3-9083-B45358285F0B}.Release|x86.ActiveCfg = Release|Any CPU
		{23CAFEC0-D991-4AB3-9083-B45358285F0B}.Release|x86.Build.0 = Release|Any CPU
		{E752099A-8D3F-44D9-9E2A-9FD84759C424}.Debug|Any CPU.ActiveCfg = Debug|Any CPU
		{E752099A-8D3F-44D9-9E2A-9FD84759C424}.Debug|Any CPU.Build.0 = Debug|Any CPU
		{E752099A-8D3F-44D9-9E2A-9FD84759C424}.Debug|ARM.ActiveCfg = Debug|Any CPU
		{E752099A-8D3F-44D9-9E2A-9FD84759C424}.Debug|ARM.Build.0 = Debug|Any CPU
		{E752099A-8D3F-44D9-9E2A-9FD84759C424}.Debug|x64.ActiveCfg = Debug|Any CPU
		{E752099A-8D3F-44D9-9E2A-9FD84759C424}.Debug|x64.Build.0 = Debug|Any CPU
		{E752099A-8D3F-44D9-9E2A-9FD84759C424}.Debug|x86.ActiveCfg = Debug|Any CPU
		{E752099A-8D3F-44D9-9E2A-9FD84759C424}.Debug|x86.Build.0 = Debug|Any CPU
		{E752099A-8D3F-44D9-9E2A-9FD84759C424}.Release|Any CPU.ActiveCfg = Release|Any CPU
		{E752099A-8D3F-44D9-9E2A-9FD84759C424}.Release|Any CPU.Build.0 = Release|Any CPU
		{E752099A-8D3F-44D9-9E2A-9FD84759C424}.Release|ARM.ActiveCfg = Release|Any CPU
		{E752099A-8D3F-44D9-9E2A-9FD84759C424}.Release|ARM.Build.0 = Release|Any CPU
		{E752099A-8D3F-44D9-9E2A-9FD84759C424}.Release|x64.ActiveCfg = Release|Any CPU
		{E752099A-8D3F-44D9-9E2A-9FD84759C424}.Release|x64.Build.0 = Release|Any CPU
		{E752099A-8D3F-44D9-9E2A-9FD84759C424}.Release|x86.ActiveCfg = Release|Any CPU
		{E752099A-8D3F-44D9-9E2A-9FD84759C424}.Release|x86.Build.0 = Release|Any CPU
	EndGlobalSection
	GlobalSection(SolutionProperties) = preSolution
		HideSolutionNode = FALSE
	EndGlobalSection
	GlobalSection(ExtensibilityGlobals) = postSolution
		SolutionGuid = {60FDE786-F641-4BE4-AE98-8628F41103AE}
	EndGlobalSection
	
EndGlobal
